{
  "name": "openclaw-hxa-connect",
  "version": "2.4.4",
  "lockfileVersion": 3,
  "requires": true,
  "packages": {
    "": {
      "name": "openclaw-hxa-connect",
      "version": "2.4.4",
      "license": "MIT",
      "dependencies": {
        "@coco-xyz/hxa-connect-sdk": "file:../hxa-connect-sdk",
        "ws": "^8.18.0"
      }
    },
    "../hxa-connect-sdk": {
      "name": "@coco-xyz/hxa-connect-sdk",
      "version": "1.4.0",
      "license": "MIT",
      "dependencies": {
        "ws": "^8.18.0"
      },
      "devDependencies": {
        "@types/ws": "^8.18.1",
        "typescript": "5.7"
      }
    },
    "node_modules/@coco-xyz/hxa-connect-sdk": {
      "resolved": "../hxa-connect-sdk",
      "link": true
    },
    "node_modules/ws": {
      "version": "8.19.0",
      "resolved": "https://registry.npmjs.org/ws/-/ws-8.19.0.tgz",
      "integrity": "sha512-blAT2mjOEIi0ZzruJfIhb3nps74PRWTCz1IjglWEEpQl5XS/UNama6u2/rjFkDDouqr4L67ry+1aGIALViWjDg==",
      "license": "MIT",
      "engines": {
        "node": ">=10.0.0"
      },
      "peerDependencies": {
        "bufferutil": "^4.0.1",
        "utf-8-validate": ">=5.0.2"
      },
      "peerDependenciesMeta": {
        "bufferutil": {
          "optional": true
        },
        "utf-8-validate": {
          "optional": true
        }
      }
    }
  }
}
